// !$*UTF8*$!
{
	archiveVersion = 1;
	classes = {
	};
	objectVersion = 46;
	objects = {

/* Begin PBXBuildFile section */
		424BDD9198C76DB086890A1C /* Pods_RACAlamofireTests.framework in Frameworks */ = {isa = PBXBuildFile; fileRef = CC1714BBC1E514C53DC99308 /* Pods_RACAlamofireTests.framework */; };
		4502288D1D4344A3009E49CA /* AppDelegate.swift in Sources */ = {isa = PBXBuildFile; fileRef = 4502288C1D4344A3009E49CA /* AppDelegate.swift */; };
		4502288F1D4344A3009E49CA /* ViewController.swift in Sources */ = {isa = PBXBuildFile; fileRef = 4502288E1D4344A3009E49CA /* ViewController.swift */; };
		450228921D4344A3009E49CA /* Main.storyboard in Resources */ = {isa = PBXBuildFile; fileRef = 450228901D4344A3009E49CA /* Main.storyboard */; };
		450228941D4344A3009E49CA /* Assets.xcassets in Resources */ = {isa = PBXBuildFile; fileRef = 450228931D4344A3009E49CA /* Assets.xcassets */; };
		450228971D4344A3009E49CA /* LaunchScreen.storyboard in Resources */ = {isa = PBXBuildFile; fileRef = 450228951D4344A3009E49CA /* LaunchScreen.storyboard */; };
		450228C81D4345F0009E49CA /* RACAlamofireTests.swift in Sources */ = {isa = PBXBuildFile; fileRef = 450228C71D4345F0009E49CA /* RACAlamofireTests.swift */; };
		D1DB1B508A079A41664F18ED /* Pods_RACAlamofire.framework in Frameworks */ = {isa = PBXBuildFile; fileRef = E1C184A3BF8DBF63ACC00EAF /* Pods_RACAlamofire.framework */; };
		D4462BCB1D9A65A5004CAB9B /* AlamofireSignalProducer.swift in Sources */ = {isa = PBXBuildFile; fileRef = D4462BCA1D9A65A5004CAB9B /* AlamofireSignalProducer.swift */; };
/* End PBXBuildFile section */

/* Begin PBXContainerItemProxy section */
		450228CA1D4345F0009E49CA /* PBXContainerItemProxy */ = {
			isa = PBXContainerItemProxy;
			containerPortal = 450228811D4344A3009E49CA /* Project object */;
			proxyType = 1;
			remoteGlobalIDString = 450228881D4344A3009E49CA;
			remoteInfo = RACAlamofire;
		};
/* End PBXContainerItemProxy section */

/* Begin PBXFileReference section */
		1F70F5CE540054F4E56701DF /* Pods-RACAlamofireTests.release.xcconfig */ = {isa = PBXFileReference; includeInIndex = 1; lastKnownFileType = text.xcconfig; name = "Pods-RACAlamofireTests.release.xcconfig"; path = "Pods/Target Support Files/Pods-RACAlamofireTests/Pods-RACAlamofireTests.release.xcconfig"; sourceTree = "<group>"; };
		41FD58DE36D6498C970F8C2C /* Pods-RACAlamofireTests.debug.xcconfig */ = {isa = PBXFileReference; includeInIndex = 1; lastKnownFileType = text.xcconfig; name = "Pods-RACAlamofireTests.debug.xcconfig"; path = "Pods/Target Support Files/Pods-RACAlamofireTests/Pods-RACAlamofireTests.debug.xcconfig"; sourceTree = "<group>"; };
		450228891D4344A3009E49CA /* RACAlamofire.app */ = {isa = PBXFileReference; explicitFileType = wrapper.application; includeInIndex = 0; path = RACAlamofire.app; sourceTree = BUILT_PRODUCTS_DIR; };
		4502288C1D4344A3009E49CA /* AppDelegate.swift */ = {isa = PBXFileReference; lastKnownFileType = sourcecode.swift; path = AppDelegate.swift; sourceTree = "<group>"; };
		4502288E1D4344A3009E49CA /* ViewController.swift */ = {isa = PBXFileReference; lastKnownFileType = sourcecode.swift; path = ViewController.swift; sourceTree = "<group>"; };
		450228911D4344A3009E49CA /* Base */ = {isa = PBXFileReference; lastKnownFileType = file.storyboard; name = Base; path = Base.lproj/Main.storyboard; sourceTree = "<group>"; };
		450228931D4344A3009E49CA /* Assets.xcassets */ = {isa = PBXFileReference; lastKnownFileType = folder.assetcatalog; path = Assets.xcassets; sourceTree = "<group>"; };
		450228961D4344A3009E49CA /* Base */ = {isa = PBXFileReference; lastKnownFileType = file.storyboard; name = Base; path = Base.lproj/LaunchScreen.storyboard; sourceTree = "<group>"; };
		450228981D4344A3009E49CA /* Info.plist */ = {isa = PBXFileReference; lastKnownFileType = text.plist.xml; path = Info.plist; sourceTree = "<group>"; };
		450228C51D4345EF009E49CA /* RACAlamofireTests.xctest */ = {isa = PBXFileReference; explicitFileType = wrapper.cfbundle; includeInIndex = 0; path = RACAlamofireTests.xctest; sourceTree = BUILT_PRODUCTS_DIR; };
		450228C71D4345F0009E49CA /* RACAlamofireTests.swift */ = {isa = PBXFileReference; lastKnownFileType = sourcecode.swift; path = RACAlamofireTests.swift; sourceTree = "<group>"; };
		450228C91D4345F0009E49CA /* Info.plist */ = {isa = PBXFileReference; lastKnownFileType = text.plist.xml; path = Info.plist; sourceTree = "<group>"; };
		C8C5A453446DB0A256786895 /* Pods-RACAlamofire.debug.xcconfig */ = {isa = PBXFileReference; includeInIndex = 1; lastKnownFileType = text.xcconfig; name = "Pods-RACAlamofire.debug.xcconfig"; path = "Pods/Target Support Files/Pods-RACAlamofire/Pods-RACAlamofire.debug.xcconfig"; sourceTree = "<group>"; };
		CC1714BBC1E514C53DC99308 /* Pods_RACAlamofireTests.framework */ = {isa = PBXFileReference; explicitFileType = wrapper.framework; includeInIndex = 0; path = Pods_RACAlamofireTests.framework; sourceTree = BUILT_PRODUCTS_DIR; };
		D4462BCA1D9A65A5004CAB9B /* AlamofireSignalProducer.swift */ = {isa = PBXFileReference; fileEncoding = 4; lastKnownFileType = sourcecode.swift; path = AlamofireSignalProducer.swift; sourceTree = "<group>"; };
		E1C184A3BF8DBF63ACC00EAF /* Pods_RACAlamofire.framework */ = {isa = PBXFileReference; explicitFileType = wrapper.framework; includeInIndex = 0; path = Pods_RACAlamofire.framework; sourceTree = BUILT_PRODUCTS_DIR; };
		E4999DC85845945FA43139F5 /* Pods-RACAlamofire.release.xcconfig */ = {isa = PBXFileReference; includeInIndex = 1; lastKnownFileType = text.xcconfig; name = "Pods-RACAlamofire.release.xcconfig"; path = "Pods/Target Support Files/Pods-RACAlamofire/Pods-RACAlamofire.release.xcconfig"; sourceTree = "<group>"; };
/* End PBXFileReference section */

/* Begin PBXFrameworksBuildPhase section */
		450228861D4344A3009E49CA /* Frameworks */ = {
			isa = PBXFrameworksBuildPhase;
			buildActionMask = 2147483647;
			files = (
				D1DB1B508A079A41664F18ED /* Pods_RACAlamofire.framework in Frameworks */,
			);
			runOnlyForDeploymentPostprocessing = 0;
		};
		450228C21D4345EF009E49CA /* Frameworks */ = {
			isa = PBXFrameworksBuildPhase;
			buildActionMask = 2147483647;
			files = (
				424BDD9198C76DB086890A1C /* Pods_RACAlamofireTests.framework in Frameworks */,
			);
			runOnlyForDeploymentPostprocessing = 0;
		};
/* End PBXFrameworksBuildPhase section */

/* Begin PBXGroup section */
		450228801D4344A3009E49CA = {
			isa = PBXGroup;
			children = (
				4502288B1D4344A3009E49CA /* RACAlamofire */,
				450228C61D4345F0009E49CA /* RACAlamofireTests */,
				4502288A1D4344A3009E49CA /* Products */,
				6399F8AE10E18E1A573B8CBE /* Pods */,
				5B7B779D635C6547D7389F83 /* Frameworks */,
			);
			sourceTree = "<group>";
		};
		4502288A1D4344A3009E49CA /* Products */ = {
			isa = PBXGroup;
			children = (
				450228891D4344A3009E49CA /* RACAlamofire.app */,
				450228C51D4345EF009E49CA /* RACAlamofireTests.xctest */,
			);
			name = Products;
			sourceTree = "<group>";
		};
		4502288B1D4344A3009E49CA /* RACAlamofire */ = {
			isa = PBXGroup;
			children = (
				4502288C1D4344A3009E49CA /* AppDelegate.swift */,
				4502288E1D4344A3009E49CA /* ViewController.swift */,
				D4462BCA1D9A65A5004CAB9B /* AlamofireSignalProducer.swift */,
				450228901D4344A3009E49CA /* Main.storyboard */,
				450228931D4344A3009E49CA /* Assets.xcassets */,
				450228951D4344A3009E49CA /* LaunchScreen.storyboard */,
				450228981D4344A3009E49CA /* Info.plist */,
			);
			path = RACAlamofire;
			sourceTree = "<group>";
		};
		450228C61D4345F0009E49CA /* RACAlamofireTests */ = {
			isa = PBXGroup;
			children = (
				450228C71D4345F0009E49CA /* RACAlamofireTests.swift */,
				450228C91D4345F0009E49CA /* Info.plist */,
			);
			path = RACAlamofireTests;
			sourceTree = "<group>";
		};
		5B7B779D635C6547D7389F83 /* Frameworks */ = {
			isa = PBXGroup;
			children = (
				E1C184A3BF8DBF63ACC00EAF /* Pods_RACAlamofire.framework */,
				CC1714BBC1E514C53DC99308 /* Pods_RACAlamofireTests.framework */,
			);
			name = Frameworks;
			sourceTree = "<group>";
		};
		6399F8AE10E18E1A573B8CBE /* Pods */ = {
			isa = PBXGroup;
			children = (
				C8C5A453446DB0A256786895 /* Pods-RACAlamofire.debug.xcconfig */,
				E4999DC85845945FA43139F5 /* Pods-RACAlamofire.release.xcconfig */,
				41FD58DE36D6498C970F8C2C /* Pods-RACAlamofireTests.debug.xcconfig */,
				1F70F5CE540054F4E56701DF /* Pods-RACAlamofireTests.release.xcconfig */,
			);
			name = Pods;
			sourceTree = "<group>";
		};
/* End PBXGroup section */

/* Begin PBXNativeTarget section */
		450228881D4344A3009E49CA /* RACAlamofire */ = {
			isa = PBXNativeTarget;
			buildConfigurationList = 4502289B1D4344A3009E49CA /* Build configuration list for PBXNativeTarget "RACAlamofire" */;
			buildPhases = (
				746367780C2F195B1C4C8F62 /* [CP] Check Pods Manifest.lock */,
				450228851D4344A3009E49CA /* Sources */,
				450228861D4344A3009E49CA /* Frameworks */,
				450228871D4344A3009E49CA /* Resources */,
				5E497612DD0C8BAEA4A1865B /* [CP] Embed Pods Frameworks */,
				CE7EAF216422E400E02F6CF7 /* [CP] Copy Pods Resources */,
			);
			buildRules = (
			);
			dependencies = (
			);
			name = RACAlamofire;
			productName = RACAlamofire;
			productReference = 450228891D4344A3009E49CA /* RACAlamofire.app */;
			productType = "com.apple.product-type.application";
		};
		450228C41D4345EF009E49CA /* RACAlamofireTests */ = {
			isa = PBXNativeTarget;
			buildConfigurationList = 450228CE1D4345F0009E49CA /* Build configuration list for PBXNativeTarget "RACAlamofireTests" */;
			buildPhases = (
				20FD0FD5D319D7FCC4781D5D /* [CP] Check Pods Manifest.lock */,
				450228C11D4345EF009E49CA /* Sources */,
				450228C21D4345EF009E49CA /* Frameworks */,
				450228C31D4345EF009E49CA /* Resources */,
				2A51ACC05B4B29FBC0B01E05 /* [CP] Embed Pods Frameworks */,
				535C0FAB4FAFB34DBFFFD990 /* [CP] Copy Pods Resources */,
			);
			buildRules = (
			);
			dependencies = (
				450228CB1D4345F0009E49CA /* PBXTargetDependency */,
			);
			name = RACAlamofireTests;
			productName = RACAlamofireTests;
			productReference = 450228C51D4345EF009E49CA /* RACAlamofireTests.xctest */;
			productType = "com.apple.product-type.bundle.unit-test";
		};
/* End PBXNativeTarget section */

/* Begin PBXProject section */
		450228811D4344A3009E49CA /* Project object */ = {
			isa = PBXProject;
			attributes = {
				LastSwiftUpdateCheck = 0730;
				LastUpgradeCheck = 0730;
				ORGANIZATIONNAME = "Ice Butterfly";
				TargetAttributes = {
					450228881D4344A3009E49CA = {
						CreatedOnToolsVersion = 7.3.1;
						DevelopmentTeam = VSXKPZWN4F;
					};
					450228C41D4345EF009E49CA = {
						CreatedOnToolsVersion = 7.3.1;
						DevelopmentTeam = VSXKPZWN4F;
						TestTargetID = 450228881D4344A3009E49CA;
					};
				};
			};
			buildConfigurationList = 450228841D4344A3009E49CA /* Build configuration list for PBXProject "RACAlamofire" */;
			compatibilityVersion = "Xcode 3.2";
			developmentRegion = English;
			hasScannedForEncodings = 0;
			knownRegions = (
				en,
				Base,
			);
			mainGroup = 450228801D4344A3009E49CA;
			productRefGroup = 4502288A1D4344A3009E49CA /* Products */;
			projectDirPath = "";
			projectRoot = "";
			targets = (
				450228881D4344A3009E49CA /* RACAlamofire */,
				450228C41D4345EF009E49CA /* RACAlamofireTests */,
			);
		};
/* End PBXProject section */

/* Begin PBXResourcesBuildPhase section */
		450228871D4344A3009E49CA /* Resources */ = {
			isa = PBXResourcesBuildPhase;
			buildActionMask = 2147483647;
			files = (
				450228971D4344A3009E49CA /* LaunchScreen.storyboard in Resources */,
				450228941D4344A3009E49CA /* Assets.xcassets in Resources */,
				450228921D4344A3009E49CA /* Main.storyboard in Resources */,
			);
			runOnlyForDeploymentPostprocessing = 0;
		};
		450228C31D4345EF009E49CA /* Resources */ = {
			isa = PBXResourcesBuildPhase;
			buildActionMask = 2147483647;
			files = (
			);
			runOnlyForDeploymentPostprocessing = 0;
		};
/* End PBXResourcesBuildPhase section */

/* Begin PBXShellScriptBuildPhase section */
		20FD0FD5D319D7FCC4781D5D /* [CP] Check Pods Manifest.lock */ = {
			isa = PBXShellScriptBuildPhase;
			buildActionMask = 2147483647;
			files = (
			);
			inputPaths = (
			);
			name = "[CP] Check Pods Manifest.lock";
			outputPaths = (
			);
			runOnlyForDeploymentPostprocessing = 0;
			shellPath = /bin/sh;
			shellScript = "diff \"${PODS_ROOT}/../Podfile.lock\" \"${PODS_ROOT}/Manifest.lock\" > /dev/null\nif [ $? != 0 ] ; then\n    # print error to STDERR\n    echo \"error: The sandbox is not in sync with the Podfile.lock. Run 'pod install' or update your CocoaPods installation.\" >&2\n    exit 1\nfi\n";
			showEnvVarsInLog = 0;
		};
		2A51ACC05B4B29FBC0B01E05 /* [CP] Embed Pods Frameworks */ = {
			isa = PBXShellScriptBuildPhase;
			buildActionMask = 2147483647;
			files = (
			);
			inputPaths = (
			);
			name = "[CP] Embed Pods Frameworks";
			outputPaths = (
			);
			runOnlyForDeploymentPostprocessing = 0;
			shellPath = /bin/sh;
			shellScript = "\"${SRCROOT}/Pods/Target Support Files/Pods-RACAlamofireTests/Pods-RACAlamofireTests-frameworks.sh\"\n";
			showEnvVarsInLog = 0;
		};
		535C0FAB4FAFB34DBFFFD990 /* [CP] Copy Pods Resources */ = {
			isa = PBXShellScriptBuildPhase;
			buildActionMask = 2147483647;
			files = (
			);
			inputPaths = (
			);
			name = "[CP] Copy Pods Resources";
			outputPaths = (
			);
			runOnlyForDeploymentPostprocessing = 0;
			shellPath = /bin/sh;
			shellScript = "\"${SRCROOT}/Pods/Target Support Files/Pods-RACAlamofireTests/Pods-RACAlamofireTests-resources.sh\"\n";
			showEnvVarsInLog = 0;
		};
		5E497612DD0C8BAEA4A1865B /* [CP] Embed Pods Frameworks */ = {
			isa = PBXShellScriptBuildPhase;
			buildActionMask = 2147483647;
			files = (
			);
			inputPaths = (
			);
			name = "[CP] Embed Pods Frameworks";
			outputPaths = (
			);
			runOnlyForDeploymentPostprocessing = 0;
			shellPath = /bin/sh;
			shellScript = "\"${SRCROOT}/Pods/Target Support Files/Pods-RACAlamofire/Pods-RACAlamofire-frameworks.sh\"\n";
			showEnvVarsInLog = 0;
		};
		746367780C2F195B1C4C8F62 /* [CP] Check Pods Manifest.lock */ = {
			isa = PBXShellScriptBuildPhase;
			buildActionMask = 2147483647;
			files = (
			);
			inputPaths = (
			);
			name = "[CP] Check Pods Manifest.lock";
			outputPaths = (
			);
			runOnlyForDeploymentPostprocessing = 0;
			shellPath = /bin/sh;
			shellScript = "diff \"${PODS_ROOT}/../Podfile.lock\" \"${PODS_ROOT}/Manifest.lock\" > /dev/null\nif [ $? != 0 ] ; then\n    # print error to STDERR\n    echo \"error: The sandbox is not in sync with the Podfile.lock. Run 'pod install' or update your CocoaPods installation.\" >&2\n    exit 1\nfi\n";
			showEnvVarsInLog = 0;
		};
		CE7EAF216422E400E02F6CF7 /* [CP] Copy Pods Resources */ = {
			isa = PBXShellScriptBuildPhase;
			buildActionMask = 2147483647;
			files = (
			);
			inputPaths = (
			);
			name = "[CP] Copy Pods Resources";
			outputPaths = (
			);
			runOnlyForDeploymentPostprocessing = 0;
			shellPath = /bin/sh;
			shellScript = "\"${SRCROOT}/Pods/Target Support Files/Pods-RACAlamofire/Pods-RACAlamofire-resources.sh\"\n";
			showEnvVarsInLog = 0;
		};
/* End PBXShellScriptBuildPhase section */

/* Begin PBXSourcesBuildPhase section */
		450228851D4344A3009E49CA /* Sources */ = {
			isa = PBXSourcesBuildPhase;
			buildActionMask = 2147483647;
			files = (
				4502288F1D4344A3009E49CA /* ViewController.swift in Sources */,
				D4462BCB1D9A65A5004CAB9B /* AlamofireSignalProducer.swift in Sources */,
				4502288D1D4344A3009E49CA /* AppDelegate.swift in Sources */,
			);
			runOnlyForDeploymentPostprocessing = 0;
		};
		450228C11D4345EF009E49CA /* Sources */ = {
			isa = PBXSourcesBuildPhase;
			buildActionMask = 2147483647;
			files = (
				450228C81D4345F0009E49CA /* RACAlamofireTests.swift in Sources */,
			);
			runOnlyForDeploymentPostprocessing = 0;
		};
/* End PBXSourcesBuildPhase section */

/* Begin PBXTargetDependency section */
		450228CB1D4345F0009E49CA /* PBXTargetDependency */ = {
			isa = PBXTargetDependency;
			target = 450228881D4344A3009E49CA /* RACAlamofire */;
			targetProxy = 450228CA1D4345F0009E49CA /* PBXContainerItemProxy */;
		};
/* End PBXTargetDependency section */

/* Begin PBXVariantGroup section */
		450228901D4344A3009E49CA /* Main.storyboard */ = {
			isa = PBXVariantGroup;
			children = (
				450228911D4344A3009E49CA /* Base */,
			);
			name = Main.storyboard;
			sourceTree = "<group>";
		};
		450228951D4344A3009E49CA /* LaunchScreen.storyboard */ = {
			isa = PBXVariantGroup;
			children = (
				450228961D4344A3009E49CA /* Base */,
			);
			name = LaunchScreen.storyboard;
			sourceTree = "<group>";
		};
/* End PBXVariantGroup section */

/* Begin XCBuildConfiguration section */
		450228991D4344A3009E49CA /* Debug */ = {
			isa = XCBuildConfiguration;
			buildSettings = {
				ALWAYS_SEARCH_USER_PATHS = NO;
				CLANG_ANALYZER_NONNULL = YES;
				CLANG_CXX_LANGUAGE_STANDARD = "gnu++0x";
				CLANG_CXX_LIBRARY = "libc++";
				CLANG_ENABLE_MODULES = YES;
				CLANG_ENABLE_OBJC_ARC = YES;
				CLANG_WARN_BOOL_CONVERSION = YES;
				CLANG_WARN_CONSTANT_CONVERSION = YES;
				CLANG_WARN_DIRECT_OBJC_ISA_USAGE = YES_ERROR;
				CLANG_WARN_EMPTY_BODY = YES;
				CLANG_WARN_ENUM_CONVERSION = YES;
				CLANG_WARN_INT_CONVERSION = YES;
				CLANG_WARN_OBJC_ROOT_CLASS = YES_ERROR;
				CLANG_WARN_UNREACHABLE_CODE = YES;
				CLANG_WARN__DUPLICATE_METHOD_MATCH = YES;
				"CODE_SIGN_IDENTITY[sdk=iphoneos*]" = "iPhone Developer";
				COPY_PHASE_STRIP = NO;
				DEBUG_INFORMATION_FORMAT = dwarf;
				ENABLE_STRICT_OBJC_MSGSEND = YES;
				ENABLE_TESTABILITY = YES;
				GCC_C_LANGUAGE_STANDARD = gnu99;
				GCC_DYNAMIC_NO_PIC = NO;
				GCC_NO_COMMON_BLOCKS = YES;
				GCC_OPTIMIZATION_LEVEL = 0;
				GCC_PREPROCESSOR_DEFINITIONS = (
					"DEBUG=1",
					"$(inherited)",
				);
				GCC_WARN_64_TO_32_BIT_CONVERSION = YES;
				GCC_WARN_ABOUT_RETURN_TYPE = YES_ERROR;
				GCC_WARN_UNDECLARED_SELECTOR = YES;
				GCC_WARN_UNINITIALIZED_AUTOS = YES_AGGRESSIVE;
				GCC_WARN_UNUSED_FUNCTION = YES;
				GCC_WARN_UNUSED_VARIABLE = YES;
				IPHONEOS_DEPLOYMENT_TARGET = 9.3;
				MTL_ENABLE_DEBUG_INFO = YES;
				ONLY_ACTIVE_ARCH = YES;
				SDKROOT = iphoneos;
				SWIFT_OPTIMIZATION_LEVEL = "-Onone";
				TARGETED_DEVICE_FAMILY = "1,2";
			};
			name = Debug;
		};
		4502289A1D4344A3009E49CA /* Release */ = {
			isa = XCBuildConfiguration;
			buildSettings = {
				ALWAYS_SEARCH_USER_PATHS = NO;
				CLANG_ANALYZER_NONNULL = YES;
				CLANG_CXX_LANGUAGE_STANDARD = "gnu++0x";
				CLANG_CXX_LIBRARY = "libc++";
				CLANG_ENABLE_MODULES = YES;
				CLANG_ENABLE_OBJC_ARC = YES;
				CLANG_WARN_BOOL_CONVERSION = YES;
				CLANG_WARN_CONSTANT_CONVERSION = YES;
				CLANG_WARN_DIRECT_OBJC_ISA_USAGE = YES_ERROR;
				CLANG_WARN_EMPTY_BODY = YES;
				CLANG_WARN_ENUM_CONVERSION = YES;
				CLANG_WARN_INT_CONVERSION = YES;
				CLANG_WARN_OBJC_ROOT_CLASS = YES_ERROR;
				CLANG_WARN_UNREACHABLE_CODE = YES;
				CLANG_WARN__DUPLICATE_METHOD_MATCH = YES;
				"CODE_SIGN_IDENTITY[sdk=iphoneos*]" = "iPhone Developer";
				COPY_PHASE_STRIP = NO;
				DEBUG_INFORMATION_FORMAT = "dwarf-with-dsym";
				ENABLE_NS_ASSERTIONS = NO;
				ENABLE_STRICT_OBJC_MSGSEND = YES;
				GCC_C_LANGUAGE_STANDARD = gnu99;
				GCC_NO_COMMON_BLOCKS = YES;
				GCC_WARN_64_TO_32_BIT_CONVERSION = YES;
				GCC_WARN_ABOUT_RETURN_TYPE = YES_ERROR;
				GCC_WARN_UNDECLARED_SELECTOR = YES;
				GCC_WARN_UNINITIALIZED_AUTOS = YES_AGGRESSIVE;
				GCC_WARN_UNUSED_FUNCTION = YES;
				GCC_WARN_UNUSED_VARIABLE = YES;
				IPHONEOS_DEPLOYMENT_TARGET = 9.3;
				MTL_ENABLE_DEBUG_INFO = NO;
				SDKROOT = iphoneos;
				TARGETED_DEVICE_FAMILY = "1,2";
				VALIDATE_PRODUCT = YES;
			};
			name = Release;
		};
		4502289C1D4344A3009E49CA /* Debug */ = {
			isa = XCBuildConfiguration;
			baseConfigurationReference = C8C5A453446DB0A256786895 /* Pods-RACAlamofire.debug.xcconfig */;
			buildSettings = {
				ASSETCATALOG_COMPILER_APPICON_NAME = AppIcon;
				CODE_SIGN_IDENTITY = "iPhone Developer";
				DEVELOPMENT_TEAM = VSXKPZWN4F;
				INFOPLIST_FILE = RACAlamofire/Info.plist;
				IPHONEOS_DEPLOYMENT_TARGET = 8.0;
				LD_RUNPATH_SEARCH_PATHS = "$(inherited) @executable_path/Frameworks";
				PRODUCT_BUNDLE_IDENTIFIER = Bl.RACAlamofire;
				PRODUCT_NAME = "$(TARGET_NAME)";
				SWIFT_VERSION = 2.3;
			};
			name = Debug;
		};
		4502289D1D4344A3009E49CA /* Release */ = {
			isa = XCBuildConfiguration;
			baseConfigurationReference = E4999DC85845945FA43139F5 /* Pods-RACAlamofire.release.xcconfig */;
			buildSettings = {
				ASSETCATALOG_COMPILER_APPICON_NAME = AppIcon;
				CODE_SIGN_IDENTITY = "iPhone Developer";
				DEVELOPMENT_TEAM = VSXKPZWN4F;
				INFOPLIST_FILE = RACAlamofire/Info.plist;
				IPHONEOS_DEPLOYMENT_TARGET = 8.0;
				LD_RUNPATH_SEARCH_PATHS = "$(inherited) @executable_path/Frameworks";
				PRODUCT_BUNDLE_IDENTIFIER = Bl.RACAlamofire;
				PRODUCT_NAME = "$(TARGET_NAME)";
				SWIFT_VERSION = 2.3;
			};
			name = Release;
		};
		450228CC1D4345F0009E49CA /* Debug */ = {
			isa = XCBuildConfiguration;
			baseConfigurationReference = 41FD58DE36D6498C970F8C2C /* Pods-RACAlamofireTests.debug.xcconfig */;
			buildSettings = {
				BUNDLE_LOADER = "$(TEST_HOST)";
				INFOPLIST_FILE = RACAlamofireTests/Info.plist;
				LD_RUNPATH_SEARCH_PATHS = "$(inherited) @executable_path/Frameworks @loader_path/Frameworks";
				PRODUCT_BUNDLE_IDENTIFIER = Bl.RACAlamofireTests;
				PRODUCT_NAME = "$(TARGET_NAME)";
				SWIFT_VERSION = 2.3;
				TEST_HOST = "$(BUILT_PRODUCTS_DIR)/RACAlamofire.app/RACAlamofire";
			};
			name = Debug;
		};
		450228CD1D4345F0009E49CA /* Release */ = {
			isa = XCBuildConfiguration;
			baseConfigurationReference = 1F70F5CE540054F4E56701DF /* Pods-RACAlamofireTests.release.xcconfig */;
			buildSettings = {
				BUNDLE_LOADER = "$(TEST_HOST)";
				INFOPLIST_FILE = RACAlamofireTests/Info.plist;
				LD_RUNPATH_SEARCH_PATHS = "$(inherited) @executable_path/Frameworks @loader_path/Frameworks";
				PRODUCT_BUNDLE_IDENTIFIER = Bl.RACAlamofireTests;
				PRODUCT_NAME = "$(TARGET_NAME)";
				SWIFT_VERSION = 2.3;
				TEST_HOST = "$(BUILT_PRODUCTS_DIR)/RACAlamofire.app/RACAlamofire";
			};
			name = Release;
		};
/* End XCBuildConfiguration section */

/* Begin XCConfigurationList section */
		450228841D4344A3009E49CA /* Build configuration list for PBXProject "RACAlamofire" */ = {
			isa = XCConfigurationList;
			buildConfigurations = (
				450228991D4344A3009E49CA /* Debug */,
				4502289A1D4344A3009E49CA /* Release */,
			);
			defaultConfigurationIsVisible = 0;
			defaultConfigurationName = Release;
		};
		4502289B1D4344A3009E49CA /* Build configuration list for PBXNativeTarget "RACAlamofire" */ = {
			isa = XCConfigurationList;
			buildConfigurations = (
				4502289C1D4344A3009E49CA /* Debug */,
				4502289D1D4344A3009E49CA /* Release */,
			);
			defaultConfigurationIsVisible = 0;
			defaultConfigurationName = Release;
		};
		450228CE1D4345F0009E49CA /* Build configuration list for PBXNativeTarget "RACAlamofireTests" */ = {
			isa = XCConfigurationList;
			buildConfigurations = (
				450228CC1D4345F0009E49CA /* Debug */,
				450228CD1D4345F0009E49CA /* Release */,
			);
			defaultConfigurationIsVisible = 0;
			defaultConfigurationName = Release;
		};
/* End XCConfigurationList section */
	};
	rootObject = 450228811D4344A3009E49CA /* Project object */;
}
